
Microsoft Visual Studio Solution File, Format Version 12.00
# Visual Studio Version 16
VisualStudioVersion = 16.0.31911.196
MinimumVisualStudioVersion = 10.0.40219.1
Project("{FAE04EC0-301F-11D3-BF4B-00C04F79EFBC}") = "Dominic_2005053J.Server", "Dominic_2005053J\Server\Dominic_2005053J.Server.csproj", "{05415728-F461-4A26-ACFB-C9ABBC72AE10}"
EndProject
Project("{FAE04EC0-301F-11D3-BF4B-00C04F79EFBC}") = "Dominic_2005053J.Client", "Dominic_2005053J\Client\Dominic_2005053J.Client.csproj", "{EBEAB2C1-D615-42A2-9730-3FA5278D90AD}"
EndProject
Project("{FAE04EC0-301F-11D3-BF4B-00C04F79EFBC}") = "Dominic_2005053J.Shared", "Dominic_2005053J\Shared\Dominic_2005053J.Shared.csproj", "{9DD673BD-85AB-4FA4-B34E-CCF150107E76}"
EndProject
Global
	GlobalSection(SolutionConfigurationPlatforms) = preSolution
		Debug|Any CPU = Debug|Any CPU
		Release|Any CPU = Release|Any CPU
	EndGlobalSection
	GlobalSection(ProjectConfigurationPlatforms) = postSolution
		{05415728-F461-4A26-ACFB-C9ABBC72AE10}.Debug|Any CPU.ActiveCfg = Debug|Any CPU
		{05415728-F461-4A26-ACFB-C9ABBC72AE10}.Debug|Any CPU.Build.0 = Debug|Any CPU
		{05415728-F461-4A26-ACFB-C9ABBC72AE10}.Release|Any CPU.ActiveCfg = Release|Any CPU
		{05415728-F461-4A26-ACFB-C9ABBC72AE10}.Release|Any CPU.Build.0 = Release|Any CPU
		{EBEAB2C1-D615-42A2-9730-3FA5278D90AD}.Debug|Any CPU.ActiveCfg = Debug|Any CPU
		{EBEAB2C1-D615-42A2-9730-3FA5278D90AD}.Debug|Any CPU.Build.0 = Debug|Any CPU
		{EBEAB2C1-D615-42A2-9730-3FA5278D90AD}.Release|Any CPU.ActiveCfg = Release|Any CPU
		{EBEAB2C1-D615-42A2-9730-3FA5278D90AD}.Release|Any CPU.Build.0 = Release|Any CPU
		{9DD673BD-85AB-4FA4-B34E-CCF150107E76}.Debug|Any CPU.ActiveCfg = Debug|Any CPU
		{9DD673BD-85AB-4FA4-B34E-CCF150107E76}.Debug|Any CPU.Build.0 = Debug|Any CPU
		{9DD673BD-85AB-4FA4-B34E-CCF150107E76}.Release|Any CPU.ActiveCfg = Release|Any CPU
		{9DD673BD-85AB-4FA4-B34E-CCF150107E76}.Release|Any CPU.Build.0 = Release|Any CPU
	EndGlobalSection
	GlobalSection(SolutionProperties) = preSolution
		HideSolutionNode = FALSE
	EndGlobalSection
	GlobalSection(ExtensibilityGlobals) = postSolution
		SolutionGuid = {025E0EE0-ED04-4081-B379-7E0A428408B2}
	EndGlobalSection
EndGlobal
